{
  "version": 4,
  "terraform_version": "1.7.4",
  "serial": 704,
  "lineage": "3c6b106e-7306-1bc8-bef5-1b3a9341372d",
  "outputs": {},
  "resources": [
    {
      "mode": "managed",
      "type": "google_compute_address",
      "name": "static_ip",
      "provider": "provider[\"registry.terraform.io/hashicorp/google\"]",
      "instances": [
        {
          "schema_version": 0,
          "attributes": {
            "address": "34.135.111.47",
            "address_type": "EXTERNAL",
            "creation_timestamp": "2024-03-25T11:50:23.402-07:00",
            "description": "",
            "id": "projects/csye-417822/regions/us-central1/addresses/csye-static-ip",
            "name": "csye-static-ip",
            "network": "",
            "network_tier": "PREMIUM",
            "prefix_length": 0,
            "project": "csye-417822",
            "purpose": "",
            "region": "us-central1",
            "self_link": "https://www.googleapis.com/compute/v1/projects/csye-417822/regions/us-central1/addresses/csye-static-ip",
            "subnetwork": "",
            "timeouts": null,
            "users": [
              "https://www.googleapis.com/compute/v1/projects/csye-417822/zones/us-central1-a/instances/csye-instance"
            ]
          },
          "sensitive_attributes": [],
          "private": "eyJlMmJmYjczMC1lY2FhLTExZTYtOGY4OC0zNDM2M2JjN2M0YzAiOnsiY3JlYXRlIjoyNDAwMDAwMDAwMDAsImRlbGV0ZSI6MjQwMDAwMDAwMDAwfX0="
        }
      ]
    },
    {
      "mode": "managed",
      "type": "google_compute_backend_bucket",
      "name": "static_bucket",
      "provider": "provider[\"registry.terraform.io/hashicorp/google\"]",
      "instances": [
        {
          "schema_version": 0,
          "attributes": {
            "bucket_name": "sarkarilinks-static-website",
            "cdn_policy": [
              {
                "cache_mode": "CACHE_ALL_STATIC",
                "client_ttl": 3600,
                "default_ttl": 3600,
                "max_ttl": 86400,
                "negative_caching": true,
                "negative_caching_policy": [],
                "serve_while_stale": 86400,
                "signed_url_cache_max_age_sec": 0
              }
            ],
            "creation_timestamp": "2024-03-25T11:50:25.190-07:00",
            "custom_response_headers": [],
            "description": "",
            "enable_cdn": true,
            "id": "projects/csye-417822/global/backendBuckets/static-bucket",
            "name": "static-bucket",
            "project": "csye-417822",
            "self_link": "https://www.googleapis.com/compute/v1/projects/csye-417822/global/backendBuckets/static-bucket",
            "timeouts": null
          },
          "sensitive_attributes": [],
          "private": "eyJlMmJmYjczMC1lY2FhLTExZTYtOGY4OC0zNDM2M2JjN2M0YzAiOnsiY3JlYXRlIjoyNDAwMDAwMDAwMDAsImRlbGV0ZSI6MjQwMDAwMDAwMDAwLCJ1cGRhdGUiOjI0MDAwMDAwMDAwMH19",
          "dependencies": [
            "google_storage_bucket.static_website"
          ]
        }
      ]
    },
    {
      "mode": "managed",
      "type": "google_compute_firewall",
      "name": "allow_web_ssh_traffic",
      "provider": "provider[\"registry.terraform.io/hashicorp/google\"]",
      "instances": [
        {
          "schema_version": 1,
          "attributes": {
            "allow": [
              {
                "ports": [
                  "22",
                  "80",
                  "443"
                ],
                "protocol": "tcp"
              }
            ],
            "creation_timestamp": "2024-03-25T11:50:23.488-07:00",
            "deny": [],
            "description": "",
            "destination_ranges": [],
            "direction": "INGRESS",
            "disabled": false,
            "enable_logging": null,
            "id": "projects/csye-417822/global/firewalls/allow-web-ssh-traffic",
            "log_config": [],
            "name": "allow-web-ssh-traffic",
            "network": "https://www.googleapis.com/compute/v1/projects/csye-417822/global/networks/my-vpc",
            "priority": 1000,
            "project": "csye-417822",
            "self_link": "https://www.googleapis.com/compute/v1/projects/csye-417822/global/firewalls/allow-web-ssh-traffic",
            "source_ranges": [
              "0.0.0.0/0"
            ],
            "source_service_accounts": [],
            "source_tags": [],
            "target_service_accounts": [],
            "target_tags": [],
            "timeouts": null
          },
          "sensitive_attributes": [],
          "private": "eyJlMmJmYjczMC1lY2FhLTExZTYtOGY4OC0zNDM2M2JjN2M0YzAiOnsiY3JlYXRlIjoyNDAwMDAwMDAwMDAsImRlbGV0ZSI6MjQwMDAwMDAwMDAwLCJ1cGRhdGUiOjI0MDAwMDAwMDAwMH0sInNjaGVtYV92ZXJzaW9uIjoiMSJ9",
          "dependencies": [
            "google_compute_network.vpc"
          ]
        }
      ]
    },
    {
      "mode": "managed",
      "type": "google_compute_global_forwarding_rule",
      "name": "default",
      "provider": "provider[\"registry.terraform.io/hashicorp/google\"]",
      "instances": [
        {
          "schema_version": 0,
          "attributes": {
            "description": "",
            "id": "projects/csye-417822/global/forwardingRules/global-forwarding-rule",
            "ip_address": "34.98.105.243",
            "ip_protocol": "TCP",
            "ip_version": "",
            "label_fingerprint": "42WmSpB8rSM=",
            "labels": {},
            "load_balancing_scheme": "EXTERNAL",
            "metadata_filters": [],
            "name": "global-forwarding-rule",
            "network": "",
            "port_range": "443",
            "project": "csye-417822",
            "self_link": "https://www.googleapis.com/compute/v1/projects/csye-417822/global/forwardingRules/global-forwarding-rule",
            "target": "https://www.googleapis.com/compute/v1/projects/csye-417822/global/targetHttpsProxies/https-proxy",
            "timeouts": null
          },
          "sensitive_attributes": [],
          "private": "eyJlMmJmYjczMC1lY2FhLTExZTYtOGY4OC0zNDM2M2JjN2M0YzAiOnsiY3JlYXRlIjo2MDAwMDAwMDAwMDAsImRlbGV0ZSI6NjAwMDAwMDAwMDAwLCJ1cGRhdGUiOjYwMDAwMDAwMDAwMH19",
          "dependencies": [
            "google_compute_backend_bucket.static_bucket",
            "google_compute_managed_ssl_certificate.ssl_certificate",
            "google_compute_target_https_proxy.https_proxy",
            "google_compute_url_map.url_map",
            "google_storage_bucket.static_website"
          ]
        }
      ]
    },
    {
      "mode": "managed",
      "type": "google_compute_instance",
      "name": "csye_instance",
      "provider": "provider[\"registry.terraform.io/hashicorp/google\"]",
      "instances": [
        {
          "schema_version": 6,
          "attributes": {
            "advanced_machine_features": [],
            "allow_stopping_for_update": null,
            "attached_disk": [],
            "boot_disk": [
              {
                "auto_delete": true,
                "device_name": "persistent-disk-0",
                "disk_encryption_key_raw": "",
                "disk_encryption_key_sha256": "",
                "initialize_params": [
                  {
                    "image": "https://www.googleapis.com/compute/v1/projects/csye-417822/global/images/packer-1711289121",
                    "labels": {},
                    "size": 20,
                    "type": "pd-standard"
                  }
                ],
                "kms_key_self_link": "",
                "mode": "READ_WRITE",
                "source": "https://www.googleapis.com/compute/v1/projects/csye-417822/zones/us-central1-a/disks/csye-instance"
              }
            ],
            "can_ip_forward": false,
            "confidential_instance_config": [],
            "cpu_platform": "Intel Broadwell",
            "current_status": "RUNNING",
            "deletion_protection": false,
            "description": "",
            "desired_status": null,
            "enable_display": false,
            "guest_accelerator": [],
            "hostname": "",
            "id": "projects/csye-417822/zones/us-central1-a/instances/csye-instance",
            "instance_id": "514131240814410133",
            "label_fingerprint": "42WmSpB8rSM=",
            "labels": {},
            "machine_type": "e2-standard-2",
            "metadata": {
              "db_host": "",
              "db_name": "csye-database",
              "db_password": "gCI4\u003ek@$2N9Ruppw",
              "db_user": "csye-user"
            },
            "metadata_fingerprint": "If84br2W85s=",
            "metadata_startup_script": "  \r\n#!/bin/bash\r\nyum update -y\r\nyum install -y httpd mod_ssl\r\nsystemctl start httpd\r\nsystemctl enable httpd\r\necho '\u003chtml\u003e\u003cbody\u003e\u003ch1\u003eWelcome to My Custom Web App!\u003c/h1\u003e\u003cp\u003eThis is a custom CentOS Stream 8 instance created with Packer.\u003c/p\u003e\u003c/body\u003e\u003c/html\u003e' \u003e /var/www/html/index.html\r\nfirewall-cmd --zone=public --add-port=80/tcp --permanent\r\nfirewall-cmd --zone=public --add-port=443/tcp --permanent\r\nfirewall-cmd --reload\r\n\r\n# Configure Apache for HTTPS\r\nopenssl req -x509 -nodes -days 365 -newkey rsa:2048 -keyout /etc/pki/tls/private/apache.key -out /etc/pki/tls/certs/apache.crt -subj \"/C=US/ST=California/L=San Francisco/O=Your Company/OU=IT Department/CN=sarkarilinks.com\"\r\ncat /etc/pki/tls/certs/apache.crt /etc/pki/tls/private/apache.key \u003e /etc/pki/tls/certs/apache.pem\r\ncp /etc/pki/tls/certs/apache.pem /etc/pki/tls/private/\r\nsed -i 's/^#ServerName/ServerName sarkarilinks.com/' /etc/httpd/conf/httpd.conf\r\necho \"\u003cVirtualHost *:443\u003e\r\nServerName sarkarilinks.com\r\nSSLEngine on\r\nSSLCertificateFile /etc/pki/tls/certs/apache.pem\r\nSSLCertificateKeyFile /etc/pki/tls/private/apache.key\r\n\u003c/VirtualHost\u003e\" \u003e\u003e /etc/httpd/conf/httpd.conf\r\nsystemctl restart httpd\r\n",
            "min_cpu_platform": "",
            "name": "csye-instance",
            "network_interface": [
              {
                "access_config": [
                  {
                    "nat_ip": "34.135.111.47",
                    "network_tier": "PREMIUM",
                    "public_ptr_domain_name": ""
                  }
                ],
                "alias_ip_range": [],
                "ipv6_access_config": [],
                "ipv6_access_type": "",
                "name": "nic0",
                "network": "https://www.googleapis.com/compute/v1/projects/csye-417822/global/networks/my-vpc",
                "network_ip": "10.0.1.9",
                "nic_type": "",
                "stack_type": "IPV4_ONLY",
                "subnetwork": "https://www.googleapis.com/compute/v1/projects/csye-417822/regions/us-central1/subnetworks/webapp-subnet",
                "subnetwork_project": "csye-417822"
              }
            ],
            "project": "csye-417822",
            "reservation_affinity": [],
            "resource_policies": [],
            "scheduling": [
              {
                "automatic_restart": true,
                "min_node_cpus": 0,
                "node_affinities": [],
                "on_host_maintenance": "MIGRATE",
                "preemptible": false
              }
            ],
            "scratch_disk": [],
            "self_link": "https://www.googleapis.com/compute/v1/projects/csye-417822/zones/us-central1-a/instances/csye-instance",
            "service_account": [
              {
                "email": "vm-service-account@csye-417822.iam.gserviceaccount.com",
                "scopes": [
                  "https://www.googleapis.com/auth/cloud-platform"
                ]
              }
            ],
            "shielded_instance_config": [
              {
                "enable_integrity_monitoring": true,
                "enable_secure_boot": false,
                "enable_vtpm": true
              }
            ],
            "tags": [
              "csye-group",
              "http-server",
              "https-server"
            ],
            "tags_fingerprint": "3rk5s9pElYQ=",
            "timeouts": null,
            "zone": "us-central1-a"
          },
          "sensitive_attributes": [
            [
              {
                "type": "get_attr",
                "value": "metadata"
              },
              {
                "type": "index",
                "value": {
                  "value": "db_password",
                  "type": "string"
                }
              }
            ]
          ],
          "private": "eyJlMmJmYjczMC1lY2FhLTExZTYtOGY4OC0zNDM2M2JjN2M0YzAiOnsiY3JlYXRlIjoxMjAwMDAwMDAwMDAwLCJkZWxldGUiOjEyMDAwMDAwMDAwMDAsInVwZGF0ZSI6MTIwMDAwMDAwMDAwMH0sInNjaGVtYV92ZXJzaW9uIjoiNiJ9",
          "dependencies": [
            "google_compute_address.static_ip",
            "google_compute_network.vpc",
            "google_compute_subnetwork.webapp_subnet",
            "google_service_account.vm_service_account",
            "google_sql_database.database",
            "google_sql_database_instance.instance",
            "google_sql_user.user",
            "random_password.db_password"
          ]
        }
      ]
    },
    {
      "mode": "managed",
      "type": "google_compute_managed_ssl_certificate",
      "name": "ssl_certificate",
      "provider": "provider[\"registry.terraform.io/hashicorp/google\"]",
      "instances": [
        {
          "schema_version": 0,
          "attributes": {
            "certificate_id": 5149410352117348736,
            "creation_timestamp": "2024-03-25T11:50:23.286-07:00",
            "description": "",
            "expire_time": "",
            "id": "projects/csye-417822/global/sslCertificates/sarkarilinks-ssl-cert",
            "managed": [
              {
                "domains": [
                  "sarkarilinks.com"
                ]
              }
            ],
            "name": "sarkarilinks-ssl-cert",
            "project": "csye-417822",
            "self_link": "https://www.googleapis.com/compute/v1/projects/csye-417822/global/sslCertificates/sarkarilinks-ssl-cert",
            "subject_alternative_names": [],
            "timeouts": null,
            "type": "MANAGED"
          },
          "sensitive_attributes": [],
          "private": "eyJlMmJmYjczMC1lY2FhLTExZTYtOGY4OC0zNDM2M2JjN2M0YzAiOnsiY3JlYXRlIjozNjAwMDAwMDAwMDAsImRlbGV0ZSI6MTgwMDAwMDAwMDAwMH19"
        }
      ]
    },
    {
      "mode": "managed",
      "type": "google_compute_network",
      "name": "vpc",
      "provider": "provider[\"registry.terraform.io/hashicorp/google\"]",
      "instances": [
        {
          "schema_version": 0,
          "attributes": {
            "auto_create_subnetworks": false,
            "delete_default_routes_on_create": false,
            "description": "",
            "gateway_ipv4": "",
            "id": "projects/csye-417822/global/networks/my-vpc",
            "mtu": 0,
            "name": "my-vpc",
            "project": "csye-417822",
            "routing_mode": "REGIONAL",
            "self_link": "https://www.googleapis.com/compute/v1/projects/csye-417822/global/networks/my-vpc",
            "timeouts": null
          },
          "sensitive_attributes": [],
          "private": "eyJlMmJmYjczMC1lY2FhLTExZTYtOGY4OC0zNDM2M2JjN2M0YzAiOnsiY3JlYXRlIjoyNDAwMDAwMDAwMDAsImRlbGV0ZSI6MjQwMDAwMDAwMDAwLCJ1cGRhdGUiOjI0MDAwMDAwMDAwMH19"
        }
      ]
    },
    {
      "mode": "managed",
      "type": "google_compute_subnetwork",
      "name": "webapp_subnet",
      "provider": "provider[\"registry.terraform.io/hashicorp/google\"]",
      "instances": [
        {
          "schema_version": 0,
          "attributes": {
            "creation_timestamp": "2024-03-24T22:06:50.309-07:00",
            "description": "",
            "external_ipv6_prefix": "",
            "fingerprint": null,
            "gateway_address": "10.0.1.1",
            "id": "projects/csye-417822/regions/us-central1/subnetworks/webapp-subnet",
            "ip_cidr_range": "10.0.1.0/24",
            "ipv6_access_type": "",
            "ipv6_cidr_range": "",
            "log_config": [],
            "name": "webapp-subnet",
            "network": "https://www.googleapis.com/compute/v1/projects/csye-417822/global/networks/my-vpc",
            "private_ip_google_access": false,
            "private_ipv6_google_access": "DISABLE_GOOGLE_ACCESS",
            "project": "csye-417822",
            "purpose": "PRIVATE",
            "region": "us-central1",
            "role": "",
            "secondary_ip_range": [],
            "self_link": "https://www.googleapis.com/compute/v1/projects/csye-417822/regions/us-central1/subnetworks/webapp-subnet",
            "stack_type": "IPV4_ONLY",
            "timeouts": null
          },
          "sensitive_attributes": [],
          "private": "eyJlMmJmYjczMC1lY2FhLTExZTYtOGY4OC0zNDM2M2JjN2M0YzAiOnsiY3JlYXRlIjozNjAwMDAwMDAwMDAsImRlbGV0ZSI6MzYwMDAwMDAwMDAwLCJ1cGRhdGUiOjM2MDAwMDAwMDAwMH19",
          "dependencies": [
            "google_compute_network.vpc"
          ]
        }
      ]
    },
    {
      "mode": "managed",
      "type": "google_compute_target_https_proxy",
      "name": "https_proxy",
      "provider": "provider[\"registry.terraform.io/hashicorp/google\"]",
      "instances": [
        {
          "schema_version": 0,
          "attributes": {
            "creation_timestamp": "2024-03-25T11:50:47.774-07:00",
            "description": "",
            "id": "projects/csye-417822/global/targetHttpsProxies/https-proxy",
            "name": "https-proxy",
            "project": "csye-417822",
            "proxy_bind": false,
            "proxy_id": 7554299816892463464,
            "quic_override": "NONE",
            "self_link": "https://www.googleapis.com/compute/v1/projects/csye-417822/global/targetHttpsProxies/https-proxy",
            "ssl_certificates": [
              "https://www.googleapis.com/compute/v1/projects/csye-417822/global/sslCertificates/sarkarilinks-ssl-cert"
            ],
            "ssl_policy": "",
            "timeouts": null,
            "url_map": "https://www.googleapis.com/compute/v1/projects/csye-417822/global/urlMaps/url-map"
          },
          "sensitive_attributes": [],
          "private": "eyJlMmJmYjczMC1lY2FhLTExZTYtOGY4OC0zNDM2M2JjN2M0YzAiOnsiY3JlYXRlIjoyNDAwMDAwMDAwMDAsImRlbGV0ZSI6MjQwMDAwMDAwMDAwLCJ1cGRhdGUiOjI0MDAwMDAwMDAwMH19",
          "dependencies": [
            "google_compute_backend_bucket.static_bucket",
            "google_compute_managed_ssl_certificate.ssl_certificate",
            "google_compute_url_map.url_map",
            "google_storage_bucket.static_website"
          ]
        }
      ]
    },
    {
      "mode": "managed",
      "type": "google_compute_url_map",
      "name": "url_map",
      "provider": "provider[\"registry.terraform.io/hashicorp/google\"]",
      "instances": [
        {
          "schema_version": 0,
          "attributes": {
            "creation_timestamp": "2024-03-25T11:50:36.443-07:00",
            "default_route_action": [],
            "default_service": "https://www.googleapis.com/compute/v1/projects/csye-417822/global/backendBuckets/static-bucket",
            "default_url_redirect": [],
            "description": "",
            "fingerprint": "a_5nd01yZlM=",
            "header_action": [],
            "host_rule": [],
            "id": "projects/csye-417822/global/urlMaps/url-map",
            "map_id": 2734855411334936979,
            "name": "url-map",
            "path_matcher": [],
            "project": "csye-417822",
            "self_link": "https://www.googleapis.com/compute/v1/projects/csye-417822/global/urlMaps/url-map",
            "test": [],
            "timeouts": null
          },
          "sensitive_attributes": [],
          "private": "eyJlMmJmYjczMC1lY2FhLTExZTYtOGY4OC0zNDM2M2JjN2M0YzAiOnsiY3JlYXRlIjoyNDAwMDAwMDAwMDAsImRlbGV0ZSI6MjQwMDAwMDAwMDAwLCJ1cGRhdGUiOjI0MDAwMDAwMDAwMH19",
          "dependencies": [
            "google_compute_backend_bucket.static_bucket",
            "google_storage_bucket.static_website"
          ]
        }
      ]
    },
    {
      "mode": "managed",
      "type": "google_dns_record_set",
      "name": "default",
      "provider": "provider[\"registry.terraform.io/hashicorp/google\"]",
      "instances": [
        {
          "schema_version": 0,
          "attributes": {
            "id": "projects/csye-417822/managedZones/sarkar/rrsets/sarkarilinks.com./A",
            "managed_zone": "sarkar",
            "name": "sarkarilinks.com.",
            "project": "csye-417822",
            "rrdatas": [
              "34.135.111.47"
            ],
            "ttl": 300,
            "type": "A"
          },
          "sensitive_attributes": [],
          "private": "bnVsbA==",
          "dependencies": [
            "google_compute_address.static_ip"
          ]
        }
      ]
    },
    {
      "mode": "managed",
      "type": "google_project_iam_binding",
      "name": "logging_admin",
      "provider": "provider[\"registry.terraform.io/hashicorp/google\"]",
      "instances": [
        {
          "schema_version": 0,
          "attributes": {
            "condition": [],
            "etag": "BwYUgKWqKuY=",
            "id": "csye-417822/roles/logging.admin",
            "members": [
              "serviceAccount:vm-service-account@csye-417822.iam.gserviceaccount.com"
            ],
            "project": "csye-417822",
            "role": "roles/logging.admin"
          },
          "sensitive_attributes": [],
          "private": "bnVsbA==",
          "dependencies": [
            "google_service_account.vm_service_account"
          ]
        }
      ]
    },
    {
      "mode": "managed",
      "type": "google_project_iam_binding",
      "name": "monitoring_metric_writer",
      "provider": "provider[\"registry.terraform.io/hashicorp/google\"]",
      "instances": [
        {
          "schema_version": 0,
          "attributes": {
            "condition": [],
            "etag": "BwYUgKWqKuY=",
            "id": "csye-417822/roles/monitoring.metricWriter",
            "members": [
              "serviceAccount:vm-service-account@csye-417822.iam.gserviceaccount.com"
            ],
            "project": "csye-417822",
            "role": "roles/monitoring.metricWriter"
          },
          "sensitive_attributes": [],
          "private": "bnVsbA==",
          "dependencies": [
            "google_service_account.vm_service_account"
          ]
        }
      ]
    },
    {
      "mode": "managed",
      "type": "google_service_account",
      "name": "vm_service_account",
      "provider": "provider[\"registry.terraform.io/hashicorp/google\"]",
      "instances": [
        {
          "schema_version": 0,
          "attributes": {
            "account_id": "vm-service-account",
            "description": "",
            "disabled": false,
            "display_name": "VM Service Account",
            "email": "vm-service-account@csye-417822.iam.gserviceaccount.com",
            "id": "projects/csye-417822/serviceAccounts/vm-service-account@csye-417822.iam.gserviceaccount.com",
            "name": "projects/csye-417822/serviceAccounts/vm-service-account@csye-417822.iam.gserviceaccount.com",
            "project": "csye-417822",
            "timeouts": null,
            "unique_id": "105005236673326104054"
          },
          "sensitive_attributes": [],
          "private": "eyJlMmJmYjczMC1lY2FhLTExZTYtOGY4OC0zNDM2M2JjN2M0YzAiOnsiY3JlYXRlIjozMDAwMDAwMDAwMDB9fQ=="
        }
      ]
    },
    {
      "mode": "managed",
      "type": "google_sql_database",
      "name": "database",
      "provider": "provider[\"registry.terraform.io/hashicorp/google\"]",
      "instances": [
        {
          "schema_version": 0,
          "attributes": {
            "charset": "utf8mb4",
            "collation": "utf8mb4_0900_ai_ci",
            "id": "projects/csye-417822/instances/csye-sql-instance/databases/csye-database",
            "instance": "csye-sql-instance",
            "name": "csye-database",
            "project": "csye-417822",
            "self_link": "https://sqladmin.googleapis.com/sql/v1beta4/projects/csye-417822/instances/csye-sql-instance/databases/csye-database",
            "timeouts": null
          },
          "sensitive_attributes": [],
          "private": "eyJlMmJmYjczMC1lY2FhLTExZTYtOGY4OC0zNDM2M2JjN2M0YzAiOnsiY3JlYXRlIjo5MDAwMDAwMDAwMDAsImRlbGV0ZSI6NjAwMDAwMDAwMDAwLCJ1cGRhdGUiOjYwMDAwMDAwMDAwMH19",
          "dependencies": [
            "google_sql_database_instance.instance"
          ]
        }
      ]
    },
    {
      "mode": "managed",
      "type": "google_sql_database_instance",
      "name": "instance",
      "provider": "provider[\"registry.terraform.io/hashicorp/google\"]",
      "instances": [
        {
          "schema_version": 0,
          "attributes": {
            "clone": [],
            "connection_name": "csye-417822:us-central1:csye-sql-instance",
            "database_version": "MYSQL_8_0",
            "deletion_protection": true,
            "first_ip_address": "34.28.179.2",
            "id": "csye-sql-instance",
            "ip_address": [
              {
                "ip_address": "34.28.179.2",
                "time_to_retire": "",
                "type": "PRIMARY"
              }
            ],
            "master_instance_name": "",
            "name": "csye-sql-instance",
            "private_ip_address": "",
            "project": "csye-417822",
            "public_ip_address": "34.28.179.2",
            "region": "us-central1",
            "replica_configuration": [],
            "restore_backup_context": [],
            "root_password": null,
            "self_link": "https://sqladmin.googleapis.com/sql/v1beta4/projects/csye-417822/instances/csye-sql-instance",
            "server_ca_cert": [
              {
                "cert": "-----BEGIN CERTIFICATE-----\nMIIDfzCCAmegAwIBAgIBADANBgkqhkiG9w0BAQsFADB3MS0wKwYDVQQuEyRiYjQz\nNDZmMS01ZTAwLTQ2YTAtYWJjYi1iMDMwOTE5NzczZDMxIzAhBgNVBAMTGkdvb2ds\nZSBDbG91ZCBTUUwgU2VydmVyIENBMRQwEgYDVQQKEwtHb29nbGUsIEluYzELMAkG\nA1UEBhMCVVMwHhcNMjQwMzI0MTM1NTQ3WhcNMzQwMzIyMTM1NjQ3WjB3MS0wKwYD\nVQQuEyRiYjQzNDZmMS01ZTAwLTQ2YTAtYWJjYi1iMDMwOTE5NzczZDMxIzAhBgNV\nBAMTGkdvb2dsZSBDbG91ZCBTUUwgU2VydmVyIENBMRQwEgYDVQQKEwtHb29nbGUs\nIEluYzELMAkGA1UEBhMCVVMwggEiMA0GCSqGSIb3DQEBAQUAA4IBDwAwggEKAoIB\nAQCaBIZIYwcxfW9bu7XohjV/YNTeyhaPawH1MF9UEffcNnZnzSbSjR8YJqycYsZX\n/FYl8cDi+sTYIyOGkBjqUTTC/ms5iWWuApLL88f2Eok7esNzA2hu8GnLStYChYUX\n4REDSC/RjMzw2gELsZOYf9nHoanhD/jWhqDXq8vXnBOm8yzlQcr6rmgGgqoQBZXb\nH5LroiJS9ZUcig/9e1WHY1qPUCzx2uZBFdweF81CzdnDNifszezIsUUrgl/FqoxZ\nq2fZ+5KAdn2gjdoHNkwG93KzfetxwJVqlSWDM58u9P7/yySeUakK9xEvWwIUweKK\n5+o8w4j+rbMNPAS2Lja4BtA5AgMBAAGjFjAUMBIGA1UdEwEB/wQIMAYBAf8CAQAw\nDQYJKoZIhvcNAQELBQADggEBAERGfwckELGV3XLimO5bR0z4X5cgGNq+EM/RBGiR\n2O8nPIJReC6LZbsARwMFlHTw/BGEyhj7ECHP6seB1ICFOOc3dZ3fFdU6xEmho2KK\nKNY8DsrXSbmGAiiOKJIDDAGJdPUdB/KoKKTzC+VWfAFLx9D89Z3FLdmZsKqbfmen\nJ74T1+8zjirNWYitIEdZD0Qa/7f8gEz7HzvjYjGAbCihSi/RNNKxeg0MOULaDd7S\ncxRP/QzbB1uIkfxyyIVPmT1uE9eeGgnmmvsNBpS5DjePBc0S3a9PEImQCU2bfaCT\nnZD2fmsTOwgcyAKChcLOp1qZ8OXFxCNr/Q5vFDnDyKhGtC0=\n-----END CERTIFICATE-----",
                "common_name": "C=US,O=Google\\, Inc,CN=Google Cloud SQL Server CA,dnQualifier=bb4346f1-5e00-46a0-abcb-b030919773d3",
                "create_time": "2024-03-24T13:55:47.270Z",
                "expiration_time": "2034-03-22T13:56:47.270Z",
                "sha1_fingerprint": "ee96505889c66a7f47fc9730e36875394cf65b1c"
              }
            ],
            "service_account_email_address": "p511027250400-lxcbtq@gcp-sa-cloud-sql.iam.gserviceaccount.com",
            "settings": [
              {
                "activation_policy": "ALWAYS",
                "authorized_gae_applications": [],
                "availability_type": "ZONAL",
                "backup_configuration": [
                  {
                    "backup_retention_settings": [
                      {
                        "retained_backups": 7,
                        "retention_unit": "COUNT"
                      }
                    ],
                    "binary_log_enabled": false,
                    "enabled": false,
                    "location": "",
                    "point_in_time_recovery_enabled": false,
                    "start_time": "11:00",
                    "transaction_log_retention_days": 7
                  }
                ],
                "collation": "",
                "crash_safe_replication": false,
                "database_flags": [],
                "disk_autoresize": true,
                "disk_autoresize_limit": 0,
                "disk_size": 10,
                "disk_type": "PD_SSD",
                "insights_config": [],
                "ip_configuration": [
                  {
                    "authorized_networks": [],
                    "ipv4_enabled": true,
                    "private_network": "",
                    "require_ssl": false
                  }
                ],
                "location_preference": [
                  {
                    "follow_gae_application": "",
                    "zone": "us-central1-a"
                  }
                ],
                "maintenance_window": [],
                "pricing_plan": "PER_USE",
                "replication_type": "SYNCHRONOUS",
                "tier": "db-f1-micro",
                "user_labels": {},
                "version": 2
              }
            ],
            "timeouts": null
          },
          "sensitive_attributes": [],
          "private": "eyJlMmJmYjczMC1lY2FhLTExZTYtOGY4OC0zNDM2M2JjN2M0YzAiOnsiY3JlYXRlIjoxODAwMDAwMDAwMDAwLCJkZWxldGUiOjE4MDAwMDAwMDAwMDAsInVwZGF0ZSI6MTgwMDAwMDAwMDAwMH19"
        }
      ]
    },
    {
      "mode": "managed",
      "type": "google_sql_user",
      "name": "user",
      "provider": "provider[\"registry.terraform.io/hashicorp/google\"]",
      "instances": [
        {
          "schema_version": 1,
          "attributes": {
            "deletion_policy": null,
            "host": "",
            "id": "csye-user//csye-sql-instance",
            "instance": "csye-sql-instance",
            "name": "csye-user",
            "password": "gCI4\u003ek@$2N9Ruppw",
            "project": "csye-417822",
            "timeouts": null,
            "type": ""
          },
          "sensitive_attributes": [
            [
              {
                "type": "get_attr",
                "value": "password"
              }
            ]
          ],
          "private": "eyJlMmJmYjczMC1lY2FhLTExZTYtOGY4OC0zNDM2M2JjN2M0YzAiOnsiY3JlYXRlIjo2MDAwMDAwMDAwMDAsImRlbGV0ZSI6NjAwMDAwMDAwMDAwLCJ1cGRhdGUiOjYwMDAwMDAwMDAwMH0sInNjaGVtYV92ZXJzaW9uIjoiMSJ9",
          "dependencies": [
            "google_sql_database_instance.instance",
            "random_password.db_password"
          ]
        }
      ]
    },
    {
      "mode": "managed",
      "type": "google_storage_bucket",
      "name": "static_website",
      "provider": "provider[\"registry.terraform.io/hashicorp/google\"]",
      "instances": [
        {
          "schema_version": 0,
          "attributes": {
            "bucket_policy_only": false,
            "cors": [],
            "default_event_based_hold": false,
            "encryption": [],
            "force_destroy": false,
            "id": "sarkarilinks-static-website",
            "labels": {},
            "lifecycle_rule": [],
            "location": "US",
            "logging": [],
            "name": "sarkarilinks-static-website",
            "project": "csye-417822",
            "requester_pays": false,
            "retention_policy": [],
            "self_link": "https://www.googleapis.com/storage/v1/b/sarkarilinks-static-website",
            "storage_class": "STANDARD",
            "uniform_bucket_level_access": false,
            "url": "gs://sarkarilinks-static-website",
            "versioning": [],
            "website": [
              {
                "main_page_suffix": "index.html",
                "not_found_page": "404.html"
              }
            ]
          },
          "sensitive_attributes": [],
          "private": "bnVsbA=="
        }
      ]
    },
    {
      "mode": "managed",
      "type": "random_password",
      "name": "db_password",
      "provider": "provider[\"registry.terraform.io/hashicorp/random\"]",
      "instances": [
        {
          "schema_version": 3,
          "attributes": {
            "bcrypt_hash": "$2a$10$4IxHOm5xmEEm4uObmlP/xuZcQlgHb29zZuvqY6USln/W0IzrdbxBy",
            "id": "none",
            "keepers": null,
            "length": 16,
            "lower": true,
            "min_lower": 0,
            "min_numeric": 0,
            "min_special": 0,
            "min_upper": 0,
            "number": true,
            "numeric": true,
            "override_special": null,
            "result": "gCI4\u003ek@$2N9Ruppw",
            "special": true,
            "upper": true
          },
          "sensitive_attributes": []
        }
      ]
    }
  ],
  "check_results": null
}
